
Microsoft Visual Studio Solution File, Format Version 12.00
# Visual Studio Version 17
VisualStudioVersion = 17.9.34902.65
MinimumVisualStudioVersion = 10.0.40219.1
Project("{9A19103F-16F7-4668-BE54-9A1E7A4F7556}") = "ApiService", "ApiService\ApiService.csproj", "{F2FCEE05-5AAC-4D31-94A0-BF4A391C1B0F}"
EndProject
Project("{9A19103F-16F7-4668-BE54-9A1E7A4F7556}") = "ApiService.Tests", "ApiService.Tests\ApiService.Tests.csproj", "{46BEA71A-FF1C-4B74-BB5C-7B346535F0B3}"
EndProject
Project("{9A19103F-16F7-4668-BE54-9A1E7A4F7556}") = "ClientService", "ClientService\ClientService.csproj", "{6D91C290-D3D2-426E-9206-80E7C6038988}"
EndProject
Project("{FAE04EC0-301F-11D3-BF4B-00C04F79EFBC}") = "ClientService.Tests", "ClientService.Tests\ClientService.Tests.csproj", "{5CC5BD87-2DAC-425B-9B63-A90AEAB4B150}"
EndProject
Global
	GlobalSection(SolutionConfigurationPlatforms) = preSolution
		Debug|Any CPU = Debug|Any CPU
		Release|Any CPU = Release|Any CPU
	EndGlobalSection
	GlobalSection(ProjectConfigurationPlatforms) = postSolution
		{F2FCEE05-5AAC-4D31-94A0-BF4A391C1B0F}.Debug|Any CPU.ActiveCfg = Debug|Any CPU
		{F2FCEE05-5AAC-4D31-94A0-BF4A391C1B0F}.Debug|Any CPU.Build.0 = Debug|Any CPU
		{F2FCEE05-5AAC-4D31-94A0-BF4A391C1B0F}.Release|Any CPU.ActiveCfg = Release|Any CPU
		{F2FCEE05-5AAC-4D31-94A0-BF4A391C1B0F}.Release|Any CPU.Build.0 = Release|Any CPU
		{46BEA71A-FF1C-4B74-BB5C-7B346535F0B3}.Debug|Any CPU.ActiveCfg = Debug|Any CPU
		{46BEA71A-FF1C-4B74-BB5C-7B346535F0B3}.Debug|Any CPU.Build.0 = Debug|Any CPU
		{46BEA71A-FF1C-4B74-BB5C-7B346535F0B3}.Release|Any CPU.ActiveCfg = Release|Any CPU
		{46BEA71A-FF1C-4B74-BB5C-7B346535F0B3}.Release|Any CPU.Build.0 = Release|Any CPU
		{6D91C290-D3D2-426E-9206-80E7C6038988}.Debug|Any CPU.ActiveCfg = Debug|Any CPU
		{6D91C290-D3D2-426E-9206-80E7C6038988}.Debug|Any CPU.Build.0 = Debug|Any CPU
		{6D91C290-D3D2-426E-9206-80E7C6038988}.Release|Any CPU.ActiveCfg = Release|Any CPU
		{6D91C290-D3D2-426E-9206-80E7C6038988}.Release|Any CPU.Build.0 = Release|Any CPU
		{5CC5BD87-2DAC-425B-9B63-A90AEAB4B150}.Debug|Any CPU.ActiveCfg = Debug|Any CPU
		{5CC5BD87-2DAC-425B-9B63-A90AEAB4B150}.Debug|Any CPU.Build.0 = Debug|Any CPU
		{5CC5BD87-2DAC-425B-9B63-A90AEAB4B150}.Release|Any CPU.ActiveCfg = Release|Any CPU
		{5CC5BD87-2DAC-425B-9B63-A90AEAB4B150}.Release|Any CPU.Build.0 = Release|Any CPU
	EndGlobalSection
	GlobalSection(SolutionProperties) = preSolution
		HideSolutionNode = FALSE
	EndGlobalSection
	GlobalSection(ExtensibilityGlobals) = postSolution
		SolutionGuid = {BEB23459-942C-44AB-9F82-F14037C9D07A}
	EndGlobalSection
EndGlobal
